
Microsoft Visual Studio Solution File, Format Version 12.00
# Visual Studio Version 17
VisualStudioVersion = 17.13.35919.96 d17.13
MinimumVisualStudioVersion = 10.0.40219.1
Project("{FAE04EC0-301F-11D3-BF4B-00C04F79EFBC}") = "ProgresoTresQuispe", "ProgresoTresQuispe\ProgresoTresQuispe.csproj", "{BAB1052B-2880-4273-AE85-315CFE4B2DC3}"
EndProject
Global
	GlobalSection(SolutionConfigurationPlatforms) = preSolution
		Debug|Any CPU = Debug|Any CPU
		Release|Any CPU = Release|Any CPU
	EndGlobalSection
	GlobalSection(ProjectConfigurationPlatforms) = postSolution
		{BAB1052B-2880-4273-AE85-315CFE4B2DC3}.Debug|Any CPU.ActiveCfg = Debug|Any CPU
		{BAB1052B-2880-4273-AE85-315CFE4B2DC3}.Debug|Any CPU.Build.0 = Debug|Any CPU
		{BAB1052B-2880-4273-AE85-315CFE4B2DC3}.Debug|Any CPU.Deploy.0 = Debug|Any CPU
		{BAB1052B-2880-4273-AE85-315CFE4B2DC3}.Release|Any CPU.ActiveCfg = Release|Any CPU
		{BAB1052B-2880-4273-AE85-315CFE4B2DC3}.Release|Any CPU.Build.0 = Release|Any CPU
		{BAB1052B-2880-4273-AE85-315CFE4B2DC3}.Release|Any CPU.Deploy.0 = Release|Any CPU
	EndGlobalSection
	GlobalSection(SolutionProperties) = preSolution
		HideSolutionNode = FALSE
	EndGlobalSection
	GlobalSection(ExtensibilityGlobals) = postSolution
		SolutionGuid = {108BB91E-63BA-47C6-B74D-B68DDB114321}
	EndGlobalSection
EndGlobal
